
Microsoft Visual Studio Solution File, Format Version 12.00
# Visual Studio Version 16
VisualStudioVersion = 16.0.29318.209
MinimumVisualStudioVersion = 10.0.40219.1
Project("{9A19103F-16F7-4668-BE54-9A1E7A4F7556}") = "webcalc-modulo", "webcalc-modulo.csproj", "{3D911755-B25B-4759-AD2A-94D9FAF20C53}"
EndProject
Project("{FAE04EC0-301F-11D3-BF4B-00C04F79EFBC}") = "webcalc-moduloTest", "..\webcalc-moduloTest\webcalc-moduloTest.csproj", "{51FE328A-2AAC-4C47-ACF7-BDEE3DC9E5B9}"
EndProject
Global
	GlobalSection(SolutionConfigurationPlatforms) = preSolution
		Debug|Any CPU = Debug|Any CPU
		Release|Any CPU = Release|Any CPU
	EndGlobalSection
	GlobalSection(ProjectConfigurationPlatforms) = postSolution
		{3D911755-B25B-4759-AD2A-94D9FAF20C53}.Debug|Any CPU.ActiveCfg = Debug|Any CPU
		{3D911755-B25B-4759-AD2A-94D9FAF20C53}.Debug|Any CPU.Build.0 = Debug|Any CPU
		{3D911755-B25B-4759-AD2A-94D9FAF20C53}.Release|Any CPU.ActiveCfg = Release|Any CPU
		{3D911755-B25B-4759-AD2A-94D9FAF20C53}.Release|Any CPU.Build.0 = Release|Any CPU
		{51FE328A-2AAC-4C47-ACF7-BDEE3DC9E5B9}.Debug|Any CPU.ActiveCfg = Debug|Any CPU
		{51FE328A-2AAC-4C47-ACF7-BDEE3DC9E5B9}.Debug|Any CPU.Build.0 = Debug|Any CPU
		{51FE328A-2AAC-4C47-ACF7-BDEE3DC9E5B9}.Release|Any CPU.ActiveCfg = Release|Any CPU
		{51FE328A-2AAC-4C47-ACF7-BDEE3DC9E5B9}.Release|Any CPU.Build.0 = Release|Any CPU
	EndGlobalSection
	GlobalSection(SolutionProperties) = preSolution
		HideSolutionNode = FALSE
	EndGlobalSection
	GlobalSection(ExtensibilityGlobals) = postSolution
		SolutionGuid = {4084952A-099C-4758-9F98-64D0252BAE46}
	EndGlobalSection
EndGlobal
